
Microsoft Visual Studio Solution File, Format Version 12.00
# Visual Studio 15
VisualStudioVersion = 15.0.27130.2003
MinimumVisualStudioVersion = 10.0.40219.1
Project("{FAE04EC0-301F-11D3-BF4B-00C04F79EFBC}") = "CityStats", "CityStats\CityStats.csproj", "{78377838-43B6-45E3-B744-0D8E1A65857A}"
EndProject
Global
	GlobalSection(SolutionConfigurationPlatforms) = preSolution
		Debug|Any CPU = Debug|Any CPU
		Release|Any CPU = Release|Any CPU
	EndGlobalSection
	GlobalSection(ProjectConfigurationPlatforms) = postSolution
		{78377838-43B6-45E3-B744-0D8E1A65857A}.Debug|Any CPU.ActiveCfg = Debug|Any CPU
		{78377838-43B6-45E3-B744-0D8E1A65857A}.Debug|Any CPU.Build.0 = Debug|Any CPU
		{78377838-43B6-45E3-B744-0D8E1A65857A}.Release|Any CPU.ActiveCfg = Release|Any CPU
		{78377838-43B6-45E3-B744-0D8E1A65857A}.Release|Any CPU.Build.0 = Release|Any CPU
	EndGlobalSection
	GlobalSection(SolutionProperties) = preSolution
		HideSolutionNode = FALSE
	EndGlobalSection
	GlobalSection(ExtensibilityGlobals) = postSolution
		SolutionGuid = {9AC2E943-1ED2-4C13-8436-7EE4CE4755F8}
	EndGlobalSection
EndGlobal
